
Microsoft Visual Studio Solution File, Format Version 12.00
# Visual Studio Version 17
VisualStudioVersion = 17.9.34714.143
MinimumVisualStudioVersion = 10.0.40219.1
Project("{FAE04EC0-301F-11D3-BF4B-00C04F79EFBC}") = "C# Cumulative 2", "C# Cumulative 2\C# Cumulative 2.csproj", "{8A900C81-7133-42DB-8F43-591E9E71DC71}"
EndProject
Global
	GlobalSection(SolutionConfigurationPlatforms) = preSolution
		Debug|Any CPU = Debug|Any CPU
		Release|Any CPU = Release|Any CPU
	EndGlobalSection
	GlobalSection(ProjectConfigurationPlatforms) = postSolution
		{8A900C81-7133-42DB-8F43-591E9E71DC71}.Debug|Any CPU.ActiveCfg = Debug|Any CPU
		{8A900C81-7133-42DB-8F43-591E9E71DC71}.Debug|Any CPU.Build.0 = Debug|Any CPU
		{8A900C81-7133-42DB-8F43-591E9E71DC71}.Release|Any CPU.ActiveCfg = Release|Any CPU
		{8A900C81-7133-42DB-8F43-591E9E71DC71}.Release|Any CPU.Build.0 = Release|Any CPU
	EndGlobalSection
	GlobalSection(SolutionProperties) = preSolution
		HideSolutionNode = FALSE
	EndGlobalSection
	GlobalSection(ExtensibilityGlobals) = postSolution
		SolutionGuid = {410BDCB5-8B64-4375-97AB-2E7870A46858}
	EndGlobalSection
EndGlobal
